
Microsoft Visual Studio Solution File, Format Version 12.00
# Visual Studio Version 17
VisualStudioVersion = 17.14.36414.22
MinimumVisualStudioVersion = 10.0.40219.1
Project("{2150E333-8FDC-42A3-9474-1A3956D46DE8}") = "task0", "task0", "{02EA681E-C7D8-13C7-8484-4AC65E1B71E8}"
EndProject
Project("{FAE04EC0-301F-11D3-BF4B-00C04F79EFBC}") = "Tyuiu.LevakovaAA.Sprint1.Task0.V10", "Tyuiu.LevakovaAA.Sprint1.Task0.V10\Tyuiu.LevakovaAA.Sprint1.Task0.V10.csproj", "{49AC2B39-8ED9-41E5-AD7E-3BDA8250DC22}"
EndProject
Project("{FAE04EC0-301F-11D3-BF4B-00C04F79EFBC}") = "Tyuiu.LevakovaAA.Sprint1.Task0.V10.Lib", "Tyuiu.LevakovaAA.Sprint1.Task0.V10.Lib\Tyuiu.LevakovaAA.Sprint1.Task0.V10.Lib.csproj", "{51DF9EA3-FC29-475C-82A8-A0108DDB4EAA}"
EndProject
Project("{FAE04EC0-301F-11D3-BF4B-00C04F79EFBC}") = "Tyuiu.LevakovaAA.Sprint1.Task0.V10.Test", "Tyuiu.LevakovaAA.Sprint1.Task0.V10.Test\Tyuiu.LevakovaAA.Sprint1.Task0.V10.Test.csproj", "{FE99DA83-7616-453E-B0F6-35158908CC9D}"
EndProject
Project("{2150E333-8FDC-42A3-9474-1A3956D46DE8}") = "task1", "task1", "{75821E54-B860-4318-86EE-23BE98773121}"
EndProject
Project("{FAE04EC0-301F-11D3-BF4B-00C04F79EFBC}") = "Tyuiu.LevakovaAA.Sprint1.Task1.V2", "Tyuiu.LevakovaAA.Sprint1.Task1.V2\Tyuiu.LevakovaAA.Sprint1.Task1.V2.csproj", "{F34641CA-F834-4465-8B30-C2C5FA0A5BA4}"
EndProject
Project("{FAE04EC0-301F-11D3-BF4B-00C04F79EFBC}") = "Tyuiu.LevakovaAA.Sprint1.Task1.V2.Lib", "Tyuiu.LevakovaAA.Sprint1.Task1.V2.Lib\Tyuiu.LevakovaAA.Sprint1.Task1.V2.Lib.csproj", "{89B64FDF-2584-43C2-82D0-A7D9B3AD403B}"
EndProject
Project("{FAE04EC0-301F-11D3-BF4B-00C04F79EFBC}") = "Tyuiu.LevakovaAA.Sprint1.Task1.V2.Test", "Tyuiu.LevakovaAA.Sprint1.Task1.V2.Test\Tyuiu.LevakovaAA.Sprint1.Task1.V2.Test.csproj", "{09CF234C-65F4-4763-8281-703B524B3781}"
EndProject
Project("{2150E333-8FDC-42A3-9474-1A3956D46DE8}") = "task2", "task2", "{E1153C65-41B0-4A79-BC9F-D2DC1D89515A}"
EndProject
Project("{FAE04EC0-301F-11D3-BF4B-00C04F79EFBC}") = "Tyuiu.LevakovaAA.Sprint1.Task2.V17", "Tyuiu.LevakovaAA.Sprint1.Task2.V17\Tyuiu.LevakovaAA.Sprint1.Task2.V17.csproj", "{2656A956-77FE-4CE7-8C51-26D64F0A50C2}"
EndProject
Project("{FAE04EC0-301F-11D3-BF4B-00C04F79EFBC}") = "Tyuiu.LevakovaAA.Sprint1.Task2.V17.Lib", "Tyuiu.LevakovaAA.Sprint1.Task2.V17.Lib\Tyuiu.LevakovaAA.Sprint1.Task2.V17.Lib.csproj", "{BF92C5DE-6BC0-4703-9747-F80F01FED3FA}"
EndProject
Project("{FAE04EC0-301F-11D3-BF4B-00C04F79EFBC}") = "Tyuiu.LevakovaAA.Sprint1.Task2.V17.Test", "Tyuiu.LevakovaAA.Sprint1.Task2.V17.Test\Tyuiu.LevakovaAA.Sprint1.Task2.V17.Test.csproj", "{56CFE067-C616-4173-AF3E-8E2FEE18DBD8}"
EndProject
Project("{2150E333-8FDC-42A3-9474-1A3956D46DE8}") = "task3", "task3", "{B96761BF-3BFA-4A6E-9B3B-00450E392BCF}"
EndProject
Project("{FAE04EC0-301F-11D3-BF4B-00C04F79EFBC}") = "Tyuiu.LevakovaAA.Sprint1.Task3.V7", "Tyuiu.LevakovaAA.Sprint1.Task3.V7\Tyuiu.LevakovaAA.Sprint1.Task3.V7.csproj", "{415189F5-01ED-44DF-ABA0-9EF3E5079064}"
EndProject
Project("{FAE04EC0-301F-11D3-BF4B-00C04F79EFBC}") = "Tyuiu.LevakovaAA.Sprint1.Task3.V7.Lib", "Tyuiu.LevakovaAA.Sprint1.Task3.V7.Lib\Tyuiu.LevakovaAA.Sprint1.Task3.V7.Lib.csproj", "{736BD15A-3229-431F-89F8-F71C64A0B8B1}"
EndProject
Project("{FAE04EC0-301F-11D3-BF4B-00C04F79EFBC}") = "Tyuiu.LevakovaAA.Sprint1.Task3.V7.Test", "Tyuiu.LevakovaAA.Sprint1.Task3.V7.Test\Tyuiu.LevakovaAA.Sprint1.Task3.V7.Test.csproj", "{BFFFC002-4E98-42AA-83D0-A29E52969E58}"
EndProject
Global
	GlobalSection(SolutionConfigurationPlatforms) = preSolution
		Debug|Any CPU = Debug|Any CPU
		Release|Any CPU = Release|Any CPU
	EndGlobalSection
	GlobalSection(ProjectConfigurationPlatforms) = postSolution
		{49AC2B39-8ED9-41E5-AD7E-3BDA8250DC22}.Debug|Any CPU.ActiveCfg = Debug|Any CPU
		{49AC2B39-8ED9-41E5-AD7E-3BDA8250DC22}.Debug|Any CPU.Build.0 = Debug|Any CPU
		{49AC2B39-8ED9-41E5-AD7E-3BDA8250DC22}.Release|Any CPU.ActiveCfg = Release|Any CPU
		{49AC2B39-8ED9-41E5-AD7E-3BDA8250DC22}.Release|Any CPU.Build.0 = Release|Any CPU
		{51DF9EA3-FC29-475C-82A8-A0108DDB4EAA}.Debug|Any CPU.ActiveCfg = Debug|Any CPU
		{51DF9EA3-FC29-475C-82A8-A0108DDB4EAA}.Debug|Any CPU.Build.0 = Debug|Any CPU
		{51DF9EA3-FC29-475C-82A8-A0108DDB4EAA}.Release|Any CPU.ActiveCfg = Release|Any CPU
		{51DF9EA3-FC29-475C-82A8-A0108DDB4EAA}.Release|Any CPU.Build.0 = Release|Any CPU
		{FE99DA83-7616-453E-B0F6-35158908CC9D}.Debug|Any CPU.ActiveCfg = Debug|Any CPU
		{FE99DA83-7616-453E-B0F6-35158908CC9D}.Debug|Any CPU.Build.0 = Debug|Any CPU
		{FE99DA83-7616-453E-B0F6-35158908CC9D}.Release|Any CPU.ActiveCfg = Release|Any CPU
		{FE99DA83-7616-453E-B0F6-35158908CC9D}.Release|Any CPU.Build.0 = Release|Any CPU
		{F34641CA-F834-4465-8B30-C2C5FA0A5BA4}.Debug|Any CPU.ActiveCfg = Debug|Any CPU
		{F34641CA-F834-4465-8B30-C2C5FA0A5BA4}.Debug|Any CPU.Build.0 = Debug|Any CPU
		{F34641CA-F834-4465-8B30-C2C5FA0A5BA4}.Release|Any CPU.ActiveCfg = Release|Any CPU
		{F34641CA-F834-4465-8B30-C2C5FA0A5BA4}.Release|Any CPU.Build.0 = Release|Any CPU
		{89B64FDF-2584-43C2-82D0-A7D9B3AD403B}.Debug|Any CPU.ActiveCfg = Debug|Any CPU
		{89B64FDF-2584-43C2-82D0-A7D9B3AD403B}.Debug|Any CPU.Build.0 = Debug|Any CPU
		{89B64FDF-2584-43C2-82D0-A7D9B3AD403B}.Release|Any CPU.ActiveCfg = Release|Any CPU
		{89B64FDF-2584-43C2-82D0-A7D9B3AD403B}.Release|Any CPU.Build.0 = Release|Any CPU
		{09CF234C-65F4-4763-8281-703B524B3781}.Debug|Any CPU.ActiveCfg = Debug|Any CPU
		{09CF234C-65F4-4763-8281-703B524B3781}.Debug|Any CPU.Build.0 = Debug|Any CPU
		{09CF234C-65F4-4763-8281-703B524B3781}.Release|Any CPU.ActiveCfg = Release|Any CPU
		{09CF234C-65F4-4763-8281-703B524B3781}.Release|Any CPU.Build.0 = Release|Any CPU
		{2656A956-77FE-4CE7-8C51-26D64F0A50C2}.Debug|Any CPU.ActiveCfg = Debug|Any CPU
		{2656A956-77FE-4CE7-8C51-26D64F0A50C2}.Debug|Any CPU.Build.0 = Debug|Any CPU
		{2656A956-77FE-4CE7-8C51-26D64F0A50C2}.Release|Any CPU.ActiveCfg = Release|Any CPU
		{2656A956-77FE-4CE7-8C51-26D64F0A50C2}.Release|Any CPU.Build.0 = Release|Any CPU
		{BF92C5DE-6BC0-4703-9747-F80F01FED3FA}.Debug|Any CPU.ActiveCfg = Debug|Any CPU
		{BF92C5DE-6BC0-4703-9747-F80F01FED3FA}.Debug|Any CPU.Build.0 = Debug|Any CPU
		{BF92C5DE-6BC0-4703-9747-F80F01FED3FA}.Release|Any CPU.ActiveCfg = Release|Any CPU
		{BF92C5DE-6BC0-4703-9747-F80F01FED3FA}.Release|Any CPU.Build.0 = Release|Any CPU
		{56CFE067-C616-4173-AF3E-8E2FEE18DBD8}.Debug|Any CPU.ActiveCfg = Debug|Any CPU
		{56CFE067-C616-4173-AF3E-8E2FEE18DBD8}.Debug|Any CPU.Build.0 = Debug|Any CPU
		{56CFE067-C616-4173-AF3E-8E2FEE18DBD8}.Release|Any CPU.ActiveCfg = Release|Any CPU
		{56CFE067-C616-4173-AF3E-8E2FEE18DBD8}.Release|Any CPU.Build.0 = Release|Any CPU
		{415189F5-01ED-44DF-ABA0-9EF3E5079064}.Debug|Any CPU.ActiveCfg = Debug|Any CPU
		{415189F5-01ED-44DF-ABA0-9EF3E5079064}.Debug|Any CPU.Build.0 = Debug|Any CPU
		{415189F5-01ED-44DF-ABA0-9EF3E5079064}.Release|Any CPU.ActiveCfg = Release|Any CPU
		{415189F5-01ED-44DF-ABA0-9EF3E5079064}.Release|Any CPU.Build.0 = Release|Any CPU
		{736BD15A-3229-431F-89F8-F71C64A0B8B1}.Debug|Any CPU.ActiveCfg = Debug|Any CPU
		{736BD15A-3229-431F-89F8-F71C64A0B8B1}.Debug|Any CPU.Build.0 = Debug|Any CPU
		{736BD15A-3229-431F-89F8-F71C64A0B8B1}.Release|Any CPU.ActiveCfg = Release|Any CPU
		{736BD15A-3229-431F-89F8-F71C64A0B8B1}.Release|Any CPU.Build.0 = Release|Any CPU
		{BFFFC002-4E98-42AA-83D0-A29E52969E58}.Debug|Any CPU.ActiveCfg = Debug|Any CPU
		{BFFFC002-4E98-42AA-83D0-A29E52969E58}.Debug|Any CPU.Build.0 = Debug|Any CPU
		{BFFFC002-4E98-42AA-83D0-A29E52969E58}.Release|Any CPU.ActiveCfg = Release|Any CPU
		{BFFFC002-4E98-42AA-83D0-A29E52969E58}.Release|Any CPU.Build.0 = Release|Any CPU
	EndGlobalSection
	GlobalSection(SolutionProperties) = preSolution
		HideSolutionNode = FALSE
	EndGlobalSection
	GlobalSection(NestedProjects) = preSolution
		{49AC2B39-8ED9-41E5-AD7E-3BDA8250DC22} = {02EA681E-C7D8-13C7-8484-4AC65E1B71E8}
		{51DF9EA3-FC29-475C-82A8-A0108DDB4EAA} = {02EA681E-C7D8-13C7-8484-4AC65E1B71E8}
		{FE99DA83-7616-453E-B0F6-35158908CC9D} = {02EA681E-C7D8-13C7-8484-4AC65E1B71E8}
		{F34641CA-F834-4465-8B30-C2C5FA0A5BA4} = {75821E54-B860-4318-86EE-23BE98773121}
		{89B64FDF-2584-43C2-82D0-A7D9B3AD403B} = {75821E54-B860-4318-86EE-23BE98773121}
		{09CF234C-65F4-4763-8281-703B524B3781} = {75821E54-B860-4318-86EE-23BE98773121}
		{2656A956-77FE-4CE7-8C51-26D64F0A50C2} = {E1153C65-41B0-4A79-BC9F-D2DC1D89515A}
		{BF92C5DE-6BC0-4703-9747-F80F01FED3FA} = {E1153C65-41B0-4A79-BC9F-D2DC1D89515A}
		{56CFE067-C616-4173-AF3E-8E2FEE18DBD8} = {E1153C65-41B0-4A79-BC9F-D2DC1D89515A}
		{415189F5-01ED-44DF-ABA0-9EF3E5079064} = {B96761BF-3BFA-4A6E-9B3B-00450E392BCF}
		{736BD15A-3229-431F-89F8-F71C64A0B8B1} = {B96761BF-3BFA-4A6E-9B3B-00450E392BCF}
		{BFFFC002-4E98-42AA-83D0-A29E52969E58} = {B96761BF-3BFA-4A6E-9B3B-00450E392BCF}
	EndGlobalSection
	GlobalSection(ExtensibilityGlobals) = postSolution
		SolutionGuid = {C96AA1AE-70BD-4623-A2B2-0DC7DC9DAAD6}
	EndGlobalSection
EndGlobal
