
Microsoft Visual Studio Solution File, Format Version 12.00
# Visual Studio Version 17
VisualStudioVersion = 17.14.36414.22
MinimumVisualStudioVersion = 10.0.40219.1
Project("{2150E333-8FDC-42A3-9474-1A3956D46DE8}") = "task0", "task0", "{02EA681E-C7D8-13C7-8484-4AC65E1B71E8}"
EndProject
Project("{FAE04EC0-301F-11D3-BF4B-00C04F79EFBC}") = "Tyuiu.LevakovaAA.Sprint1.Task0.V10", "Tyuiu.LevakovaAA.Sprint1.Task0.V10\Tyuiu.LevakovaAA.Sprint1.Task0.V10.csproj", "{49AC2B39-8ED9-41E5-AD7E-3BDA8250DC22}"
EndProject
Project("{FAE04EC0-301F-11D3-BF4B-00C04F79EFBC}") = "Tyuiu.LevakovaAA.Sprint1.Task0.V10.Lib", "Tyuiu.LevakovaAA.Sprint1.Task0.V10.Lib\Tyuiu.LevakovaAA.Sprint1.Task0.V10.Lib.csproj", "{51DF9EA3-FC29-475C-82A8-A0108DDB4EAA}"
EndProject
Project("{FAE04EC0-301F-11D3-BF4B-00C04F79EFBC}") = "Tyuiu.LevakovaAA.Sprint1.Task0.V10.Test", "Tyuiu.LevakovaAA.Sprint1.Task0.V10.Test\Tyuiu.LevakovaAA.Sprint1.Task0.V10.Test.csproj", "{FE99DA83-7616-453E-B0F6-35158908CC9D}"
EndProject
Project("{2150E333-8FDC-42A3-9474-1A3956D46DE8}") = "task1", "task1", "{75821E54-B860-4318-86EE-23BE98773121}"
EndProject
Project("{FAE04EC0-301F-11D3-BF4B-00C04F79EFBC}") = "Tyuiu.LevakovaAA.Sprint1.Task1.V2", "Tyuiu.LevakovaAA.Sprint1.Task1.V2\Tyuiu.LevakovaAA.Sprint1.Task1.V2.csproj", "{F34641CA-F834-4465-8B30-C2C5FA0A5BA4}"
EndProject
Project("{FAE04EC0-301F-11D3-BF4B-00C04F79EFBC}") = "Tyuiu.LevakovaAA.Sprint1.Task1.V2.Lib", "Tyuiu.LevakovaAA.Sprint1.Task1.V2.Lib\Tyuiu.LevakovaAA.Sprint1.Task1.V2.Lib.csproj", "{89B64FDF-2584-43C2-82D0-A7D9B3AD403B}"
EndProject
Project("{FAE04EC0-301F-11D3-BF4B-00C04F79EFBC}") = "Tyuiu.LevakovaAA.Sprint1.Task1.V2.Test", "Tyuiu.LevakovaAA.Sprint1.Task1.V2.Test\Tyuiu.LevakovaAA.Sprint1.Task1.V2.Test.csproj", "{09CF234C-65F4-4763-8281-703B524B3781}"
EndProject
Project("{2150E333-8FDC-42A3-9474-1A3956D46DE8}") = "task2", "task2", "{E1153C65-41B0-4A79-BC9F-D2DC1D89515A}"
EndProject
Project("{FAE04EC0-301F-11D3-BF4B-00C04F79EFBC}") = "Tyuiu.LevakovaAA.Sprint1.Task2.V17", "Tyuiu.LevakovaAA.Sprint1.Task2.V17\Tyuiu.LevakovaAA.Sprint1.Task2.V17.csproj", "{2656A956-77FE-4CE7-8C51-26D64F0A50C2}"
EndProject
Project("{FAE04EC0-301F-11D3-BF4B-00C04F79EFBC}") = "Tyuiu.LevakovaAA.Sprint1.Task2.V17.Lib", "Tyuiu.LevakovaAA.Sprint1.Task2.V17.Lib\Tyuiu.LevakovaAA.Sprint1.Task2.V17.Lib.csproj", "{BF92C5DE-6BC0-4703-9747-F80F01FED3FA}"
EndProject
Project("{FAE04EC0-301F-11D3-BF4B-00C04F79EFBC}") = "Tyuiu.LevakovaAA.Sprint1.Task2.V17.Test", "Tyuiu.LevakovaAA.Sprint1.Task2.V17.Test\Tyuiu.LevakovaAA.Sprint1.Task2.V17.Test.csproj", "{56CFE067-C616-4173-AF3E-8E2FEE18DBD8}"
EndProject
Project("{2150E333-8FDC-42A3-9474-1A3956D46DE8}") = "task3", "task3", "{B96761BF-3BFA-4A6E-9B3B-00450E392BCF}"
EndProject
Project("{FAE04EC0-301F-11D3-BF4B-00C04F79EFBC}") = "Tyuiu.LevakovaAA.Sprint1.Task3.V7", "Tyuiu.LevakovaAA.Sprint1.Task3.V7\Tyuiu.LevakovaAA.Sprint1.Task3.V7.csproj", "{415189F5-01ED-44DF-ABA0-9EF3E5079064}"
EndProject
Project("{FAE04EC0-301F-11D3-BF4B-00C04F79EFBC}") = "Tyuiu.LevakovaAA.Sprint1.Task3.V7.Lib", "Tyuiu.LevakovaAA.Sprint1.Task3.V7.Lib\Tyuiu.LevakovaAA.Sprint1.Task3.V7.Lib.csproj", "{736BD15A-3229-431F-89F8-F71C64A0B8B1}"
EndProject
Project("{FAE04EC0-301F-11D3-BF4B-00C04F79EFBC}") = "Tyuiu.LevakovaAA.Sprint1.Task3.V7.Test", "Tyuiu.LevakovaAA.Sprint1.Task3.V7.Test\Tyuiu.LevakovaAA.Sprint1.Task3.V7.Test.csproj", "{BFFFC002-4E98-42AA-83D0-A29E52969E58}"
EndProject
Project("{2150E333-8FDC-42A3-9474-1A3956D46DE8}") = "task4", "task4", "{BB9876A8-467E-4BA3-A2A0-9E25800549A4}"
EndProject
Project("{FAE04EC0-301F-11D3-BF4B-00C04F79EFBC}") = "Tyuiu.LevakovaAA.Sprint1.Task4.V28", "Tyuiu.LevakovaAA.Sprint1.Task4.V28\Tyuiu.LevakovaAA.Sprint1.Task4.V28.csproj", "{96E524B9-2138-4FE7-9DD9-1875FD8C07F2}"
EndProject
Project("{FAE04EC0-301F-11D3-BF4B-00C04F79EFBC}") = "Tyuiu.LevakovaAA.Sprint1.Task4.V28.Lib", "Tyuiu.LevakovaAA.Sprint1.Task4.V28.Lib\Tyuiu.LevakovaAA.Sprint1.Task4.V28.Lib.csproj", "{2F4A248D-E5A3-4F15-9F79-F769911B99C2}"
EndProject
Project("{FAE04EC0-301F-11D3-BF4B-00C04F79EFBC}") = "Tyuiu.LevakovaAA.Sprint1.Task4.V28.Test", "Tyuiu.LevakovaAA.Sprint1.Task4.V28.Test\Tyuiu.LevakovaAA.Sprint1.Task4.V28.Test.csproj", "{C47AEFA7-5D3F-4276-854D-03F13535184D}"
EndProject
Project("{2150E333-8FDC-42A3-9474-1A3956D46DE8}") = "task5", "task5", "{1C2772B8-43D7-4564-AD48-544BA7049F13}"
EndProject
Project("{FAE04EC0-301F-11D3-BF4B-00C04F79EFBC}") = "Tyuiu.LevakovaAA.Sprint1.Task5.V4", "Tyuiu.LevakovaAA.Sprint1.Task5.V4\Tyuiu.LevakovaAA.Sprint1.Task5.V4.csproj", "{38CAFFB2-033D-4908-A867-2DD489F998B8}"
EndProject
Project("{FAE04EC0-301F-11D3-BF4B-00C04F79EFBC}") = "Tyuiu.LevakovaAA.Sprint1.Task5.V4.Lib", "Tyuiu.LevakovaAA.Sprint1.Task5.V4.Lib\Tyuiu.LevakovaAA.Sprint1.Task5.V4.Lib.csproj", "{EA51A3FF-3A33-447D-AA66-FBCD9F990475}"
EndProject
Project("{FAE04EC0-301F-11D3-BF4B-00C04F79EFBC}") = "Tyuiu.LevakovaAA.Sprint1.Task5.V4.Test", "Tyuiu.LevakovaAA.Sprint1.Task5.V4.Test\Tyuiu.LevakovaAA.Sprint1.Task5.V4.Test.csproj", "{79C6BAA2-9C75-492F-B503-A18D46E5D604}"
EndProject
Project("{2150E333-8FDC-42A3-9474-1A3956D46DE8}") = "task6", "task6", "{09B1A488-5D1E-4B29-9F8F-A0A7159A8AD1}"
EndProject
Project("{FAE04EC0-301F-11D3-BF4B-00C04F79EFBC}") = "Tyuiu.LevakovaAA.Sprint1.Task6.V3", "Tyuiu.LevakovaAA.Sprint1.Task6.V3\Tyuiu.LevakovaAA.Sprint1.Task6.V3.csproj", "{BC2E2B92-4B1F-490D-AD4C-64CE79441D29}"
EndProject
Project("{FAE04EC0-301F-11D3-BF4B-00C04F79EFBC}") = "Tyuiu.LevakovaAA.Sprint1.Task6.V3.Lib", "Tyuiu.LevakovaAA.Sprint1.Task6.V3.Lib\Tyuiu.LevakovaAA.Sprint1.Task6.V3.Lib.csproj", "{B6F33C89-BD17-4400-9598-FA7E8EBE7670}"
EndProject
Project("{FAE04EC0-301F-11D3-BF4B-00C04F79EFBC}") = "Tyuiu.LevakovaAA.Sprint1.Task6.V3.Test", "Tyuiu.LevakovaAA.Sprint1.Task6.V3.Test\Tyuiu.LevakovaAA.Sprint1.Task6.V3.Test.csproj", "{06FE7F3D-179B-4BAA-9099-E1568B012A97}"
EndProject
Global
	GlobalSection(SolutionConfigurationPlatforms) = preSolution
		Debug|Any CPU = Debug|Any CPU
		Release|Any CPU = Release|Any CPU
	EndGlobalSection
	GlobalSection(ProjectConfigurationPlatforms) = postSolution
		{49AC2B39-8ED9-41E5-AD7E-3BDA8250DC22}.Debug|Any CPU.ActiveCfg = Debug|Any CPU
		{49AC2B39-8ED9-41E5-AD7E-3BDA8250DC22}.Debug|Any CPU.Build.0 = Debug|Any CPU
		{49AC2B39-8ED9-41E5-AD7E-3BDA8250DC22}.Release|Any CPU.ActiveCfg = Release|Any CPU
		{49AC2B39-8ED9-41E5-AD7E-3BDA8250DC22}.Release|Any CPU.Build.0 = Release|Any CPU
		{51DF9EA3-FC29-475C-82A8-A0108DDB4EAA}.Debug|Any CPU.ActiveCfg = Debug|Any CPU
		{51DF9EA3-FC29-475C-82A8-A0108DDB4EAA}.Debug|Any CPU.Build.0 = Debug|Any CPU
		{51DF9EA3-FC29-475C-82A8-A0108DDB4EAA}.Release|Any CPU.ActiveCfg = Release|Any CPU
		{51DF9EA3-FC29-475C-82A8-A0108DDB4EAA}.Release|Any CPU.Build.0 = Release|Any CPU
		{FE99DA83-7616-453E-B0F6-35158908CC9D}.Debug|Any CPU.ActiveCfg = Debug|Any CPU
		{FE99DA83-7616-453E-B0F6-35158908CC9D}.Debug|Any CPU.Build.0 = Debug|Any CPU
		{FE99DA83-7616-453E-B0F6-35158908CC9D}.Release|Any CPU.ActiveCfg = Release|Any CPU
		{FE99DA83-7616-453E-B0F6-35158908CC9D}.Release|Any CPU.Build.0 = Release|Any CPU
		{F34641CA-F834-4465-8B30-C2C5FA0A5BA4}.Debug|Any CPU.ActiveCfg = Debug|Any CPU
		{F34641CA-F834-4465-8B30-C2C5FA0A5BA4}.Debug|Any CPU.Build.0 = Debug|Any CPU
		{F34641CA-F834-4465-8B30-C2C5FA0A5BA4}.Release|Any CPU.ActiveCfg = Release|Any CPU
		{F34641CA-F834-4465-8B30-C2C5FA0A5BA4}.Release|Any CPU.Build.0 = Release|Any CPU
		{89B64FDF-2584-43C2-82D0-A7D9B3AD403B}.Debug|Any CPU.ActiveCfg = Debug|Any CPU
		{89B64FDF-2584-43C2-82D0-A7D9B3AD403B}.Debug|Any CPU.Build.0 = Debug|Any CPU
		{89B64FDF-2584-43C2-82D0-A7D9B3AD403B}.Release|Any CPU.ActiveCfg = Release|Any CPU
		{89B64FDF-2584-43C2-82D0-A7D9B3AD403B}.Release|Any CPU.Build.0 = Release|Any CPU
		{09CF234C-65F4-4763-8281-703B524B3781}.Debug|Any CPU.ActiveCfg = Debug|Any CPU
		{09CF234C-65F4-4763-8281-703B524B3781}.Debug|Any CPU.Build.0 = Debug|Any CPU
		{09CF234C-65F4-4763-8281-703B524B3781}.Release|Any CPU.ActiveCfg = Release|Any CPU
		{09CF234C-65F4-4763-8281-703B524B3781}.Release|Any CPU.Build.0 = Release|Any CPU
		{2656A956-77FE-4CE7-8C51-26D64F0A50C2}.Debug|Any CPU.ActiveCfg = Debug|Any CPU
		{2656A956-77FE-4CE7-8C51-26D64F0A50C2}.Debug|Any CPU.Build.0 = Debug|Any CPU
		{2656A956-77FE-4CE7-8C51-26D64F0A50C2}.Release|Any CPU.ActiveCfg = Release|Any CPU
		{2656A956-77FE-4CE7-8C51-26D64F0A50C2}.Release|Any CPU.Build.0 = Release|Any CPU
		{BF92C5DE-6BC0-4703-9747-F80F01FED3FA}.Debug|Any CPU.ActiveCfg = Debug|Any CPU
		{BF92C5DE-6BC0-4703-9747-F80F01FED3FA}.Debug|Any CPU.Build.0 = Debug|Any CPU
		{BF92C5DE-6BC0-4703-9747-F80F01FED3FA}.Release|Any CPU.ActiveCfg = Release|Any CPU
		{BF92C5DE-6BC0-4703-9747-F80F01FED3FA}.Release|Any CPU.Build.0 = Release|Any CPU
		{56CFE067-C616-4173-AF3E-8E2FEE18DBD8}.Debug|Any CPU.ActiveCfg = Debug|Any CPU
		{56CFE067-C616-4173-AF3E-8E2FEE18DBD8}.Debug|Any CPU.Build.0 = Debug|Any CPU
		{56CFE067-C616-4173-AF3E-8E2FEE18DBD8}.Release|Any CPU.ActiveCfg = Release|Any CPU
		{56CFE067-C616-4173-AF3E-8E2FEE18DBD8}.Release|Any CPU.Build.0 = Release|Any CPU
		{415189F5-01ED-44DF-ABA0-9EF3E5079064}.Debug|Any CPU.ActiveCfg = Debug|Any CPU
		{415189F5-01ED-44DF-ABA0-9EF3E5079064}.Debug|Any CPU.Build.0 = Debug|Any CPU
		{415189F5-01ED-44DF-ABA0-9EF3E5079064}.Release|Any CPU.ActiveCfg = Release|Any CPU
		{415189F5-01ED-44DF-ABA0-9EF3E5079064}.Release|Any CPU.Build.0 = Release|Any CPU
		{736BD15A-3229-431F-89F8-F71C64A0B8B1}.Debug|Any CPU.ActiveCfg = Debug|Any CPU
		{736BD15A-3229-431F-89F8-F71C64A0B8B1}.Debug|Any CPU.Build.0 = Debug|Any CPU
		{736BD15A-3229-431F-89F8-F71C64A0B8B1}.Release|Any CPU.ActiveCfg = Release|Any CPU
		{736BD15A-3229-431F-89F8-F71C64A0B8B1}.Release|Any CPU.Build.0 = Release|Any CPU
		{BFFFC002-4E98-42AA-83D0-A29E52969E58}.Debug|Any CPU.ActiveCfg = Debug|Any CPU
		{BFFFC002-4E98-42AA-83D0-A29E52969E58}.Debug|Any CPU.Build.0 = Debug|Any CPU
		{BFFFC002-4E98-42AA-83D0-A29E52969E58}.Release|Any CPU.ActiveCfg = Release|Any CPU
		{BFFFC002-4E98-42AA-83D0-A29E52969E58}.Release|Any CPU.Build.0 = Release|Any CPU
		{96E524B9-2138-4FE7-9DD9-1875FD8C07F2}.Debug|Any CPU.ActiveCfg = Debug|Any CPU
		{96E524B9-2138-4FE7-9DD9-1875FD8C07F2}.Debug|Any CPU.Build.0 = Debug|Any CPU
		{96E524B9-2138-4FE7-9DD9-1875FD8C07F2}.Release|Any CPU.ActiveCfg = Release|Any CPU
		{96E524B9-2138-4FE7-9DD9-1875FD8C07F2}.Release|Any CPU.Build.0 = Release|Any CPU
		{2F4A248D-E5A3-4F15-9F79-F769911B99C2}.Debug|Any CPU.ActiveCfg = Debug|Any CPU
		{2F4A248D-E5A3-4F15-9F79-F769911B99C2}.Debug|Any CPU.Build.0 = Debug|Any CPU
		{2F4A248D-E5A3-4F15-9F79-F769911B99C2}.Release|Any CPU.ActiveCfg = Release|Any CPU
		{2F4A248D-E5A3-4F15-9F79-F769911B99C2}.Release|Any CPU.Build.0 = Release|Any CPU
		{C47AEFA7-5D3F-4276-854D-03F13535184D}.Debug|Any CPU.ActiveCfg = Debug|Any CPU
		{C47AEFA7-5D3F-4276-854D-03F13535184D}.Debug|Any CPU.Build.0 = Debug|Any CPU
		{C47AEFA7-5D3F-4276-854D-03F13535184D}.Release|Any CPU.ActiveCfg = Release|Any CPU
		{C47AEFA7-5D3F-4276-854D-03F13535184D}.Release|Any CPU.Build.0 = Release|Any CPU
		{38CAFFB2-033D-4908-A867-2DD489F998B8}.Debug|Any CPU.ActiveCfg = Debug|Any CPU
		{38CAFFB2-033D-4908-A867-2DD489F998B8}.Debug|Any CPU.Build.0 = Debug|Any CPU
		{38CAFFB2-033D-4908-A867-2DD489F998B8}.Release|Any CPU.ActiveCfg = Release|Any CPU
		{38CAFFB2-033D-4908-A867-2DD489F998B8}.Release|Any CPU.Build.0 = Release|Any CPU
		{EA51A3FF-3A33-447D-AA66-FBCD9F990475}.Debug|Any CPU.ActiveCfg = Debug|Any CPU
		{EA51A3FF-3A33-447D-AA66-FBCD9F990475}.Debug|Any CPU.Build.0 = Debug|Any CPU
		{EA51A3FF-3A33-447D-AA66-FBCD9F990475}.Release|Any CPU.ActiveCfg = Release|Any CPU
		{EA51A3FF-3A33-447D-AA66-FBCD9F990475}.Release|Any CPU.Build.0 = Release|Any CPU
		{79C6BAA2-9C75-492F-B503-A18D46E5D604}.Debug|Any CPU.ActiveCfg = Debug|Any CPU
		{79C6BAA2-9C75-492F-B503-A18D46E5D604}.Debug|Any CPU.Build.0 = Debug|Any CPU
		{79C6BAA2-9C75-492F-B503-A18D46E5D604}.Release|Any CPU.ActiveCfg = Release|Any CPU
		{79C6BAA2-9C75-492F-B503-A18D46E5D604}.Release|Any CPU.Build.0 = Release|Any CPU
		{BC2E2B92-4B1F-490D-AD4C-64CE79441D29}.Debug|Any CPU.ActiveCfg = Debug|Any CPU
		{BC2E2B92-4B1F-490D-AD4C-64CE79441D29}.Debug|Any CPU.Build.0 = Debug|Any CPU
		{BC2E2B92-4B1F-490D-AD4C-64CE79441D29}.Release|Any CPU.ActiveCfg = Release|Any CPU
		{BC2E2B92-4B1F-490D-AD4C-64CE79441D29}.Release|Any CPU.Build.0 = Release|Any CPU
		{B6F33C89-BD17-4400-9598-FA7E8EBE7670}.Debug|Any CPU.ActiveCfg = Debug|Any CPU
		{B6F33C89-BD17-4400-9598-FA7E8EBE7670}.Debug|Any CPU.Build.0 = Debug|Any CPU
		{B6F33C89-BD17-4400-9598-FA7E8EBE7670}.Release|Any CPU.ActiveCfg = Release|Any CPU
		{B6F33C89-BD17-4400-9598-FA7E8EBE7670}.Release|Any CPU.Build.0 = Release|Any CPU
		{06FE7F3D-179B-4BAA-9099-E1568B012A97}.Debug|Any CPU.ActiveCfg = Debug|Any CPU
		{06FE7F3D-179B-4BAA-9099-E1568B012A97}.Debug|Any CPU.Build.0 = Debug|Any CPU
		{06FE7F3D-179B-4BAA-9099-E1568B012A97}.Release|Any CPU.ActiveCfg = Release|Any CPU
		{06FE7F3D-179B-4BAA-9099-E1568B012A97}.Release|Any CPU.Build.0 = Release|Any CPU
	EndGlobalSection
	GlobalSection(SolutionProperties) = preSolution
		HideSolutionNode = FALSE
	EndGlobalSection
	GlobalSection(NestedProjects) = preSolution
		{49AC2B39-8ED9-41E5-AD7E-3BDA8250DC22} = {02EA681E-C7D8-13C7-8484-4AC65E1B71E8}
		{51DF9EA3-FC29-475C-82A8-A0108DDB4EAA} = {02EA681E-C7D8-13C7-8484-4AC65E1B71E8}
		{FE99DA83-7616-453E-B0F6-35158908CC9D} = {02EA681E-C7D8-13C7-8484-4AC65E1B71E8}
		{F34641CA-F834-4465-8B30-C2C5FA0A5BA4} = {75821E54-B860-4318-86EE-23BE98773121}
		{89B64FDF-2584-43C2-82D0-A7D9B3AD403B} = {75821E54-B860-4318-86EE-23BE98773121}
		{09CF234C-65F4-4763-8281-703B524B3781} = {75821E54-B860-4318-86EE-23BE98773121}
		{2656A956-77FE-4CE7-8C51-26D64F0A50C2} = {E1153C65-41B0-4A79-BC9F-D2DC1D89515A}
		{BF92C5DE-6BC0-4703-9747-F80F01FED3FA} = {E1153C65-41B0-4A79-BC9F-D2DC1D89515A}
		{56CFE067-C616-4173-AF3E-8E2FEE18DBD8} = {E1153C65-41B0-4A79-BC9F-D2DC1D89515A}
		{415189F5-01ED-44DF-ABA0-9EF3E5079064} = {B96761BF-3BFA-4A6E-9B3B-00450E392BCF}
		{736BD15A-3229-431F-89F8-F71C64A0B8B1} = {B96761BF-3BFA-4A6E-9B3B-00450E392BCF}
		{BFFFC002-4E98-42AA-83D0-A29E52969E58} = {B96761BF-3BFA-4A6E-9B3B-00450E392BCF}
		{96E524B9-2138-4FE7-9DD9-1875FD8C07F2} = {BB9876A8-467E-4BA3-A2A0-9E25800549A4}
		{2F4A248D-E5A3-4F15-9F79-F769911B99C2} = {BB9876A8-467E-4BA3-A2A0-9E25800549A4}
		{C47AEFA7-5D3F-4276-854D-03F13535184D} = {BB9876A8-467E-4BA3-A2A0-9E25800549A4}
		{38CAFFB2-033D-4908-A867-2DD489F998B8} = {1C2772B8-43D7-4564-AD48-544BA7049F13}
		{EA51A3FF-3A33-447D-AA66-FBCD9F990475} = {1C2772B8-43D7-4564-AD48-544BA7049F13}
		{79C6BAA2-9C75-492F-B503-A18D46E5D604} = {1C2772B8-43D7-4564-AD48-544BA7049F13}
		{BC2E2B92-4B1F-490D-AD4C-64CE79441D29} = {09B1A488-5D1E-4B29-9F8F-A0A7159A8AD1}
		{B6F33C89-BD17-4400-9598-FA7E8EBE7670} = {09B1A488-5D1E-4B29-9F8F-A0A7159A8AD1}
		{06FE7F3D-179B-4BAA-9099-E1568B012A97} = {09B1A488-5D1E-4B29-9F8F-A0A7159A8AD1}
	EndGlobalSection
	GlobalSection(ExtensibilityGlobals) = postSolution
		SolutionGuid = {C96AA1AE-70BD-4623-A2B2-0DC7DC9DAAD6}
	EndGlobalSection
EndGlobal
